
Microsoft Visual Studio Solution File, Format Version 12.00
# Visual Studio 14
VisualStudioVersion = 14.0.25420.1
MinimumVisualStudioVersion = 10.0.40219.1
Project("{8BC9CEB8-8B4A-11D0-8D11-00A0C91BC942}") = "IronAndBlood", "IronAndBlood\IronAndBlood.vcxproj", "{717B1CB4-2F53-48B3-9477-E358AAB6300E}"
	ProjectSection(ProjectDependencies) = postProject
		{47BAB170-35C3-43A5-910B-D139C67D965E} = {47BAB170-35C3-43A5-910B-D139C67D965E}
	EndProjectSection
EndProject
Project("{8BC9CEB8-8B4A-11D0-8D11-00A0C91BC942}") = "Pixel", "Pixel\Pixel.vcxproj", "{47BAB170-35C3-43A5-910B-D139C67D965E}"
EndProject
Project("{8BC9CEB8-8B4A-11D0-8D11-00A0C91BC942}") = "ZombieGame", "ZombieGame\ZombieGame.vcxproj", "{FD534D02-B9C5-4F54-862B-CA0BC1FB046B}"
EndProject
Global
	GlobalSection(SolutionConfigurationPlatforms) = preSolution
		Debug|x64 = Debug|x64
		Debug|x86 = Debug|x86
		Release|x64 = Release|x64
		Release|x86 = Release|x86
	EndGlobalSection
	GlobalSection(ProjectConfigurationPlatforms) = postSolution
		{717B1CB4-2F53-48B3-9477-E358AAB6300E}.Debug|x64.ActiveCfg = Debug|x64
		{717B1CB4-2F53-48B3-9477-E358AAB6300E}.Debug|x64.Build.0 = Debug|x64
		{717B1CB4-2F53-48B3-9477-E358AAB6300E}.Debug|x86.ActiveCfg = Debug|Win32
		{717B1CB4-2F53-48B3-9477-E358AAB6300E}.Debug|x86.Build.0 = Debug|Win32
		{717B1CB4-2F53-48B3-9477-E358AAB6300E}.Release|x64.ActiveCfg = Release|x64
		{717B1CB4-2F53-48B3-9477-E358AAB6300E}.Release|x64.Build.0 = Release|x64
		{717B1CB4-2F53-48B3-9477-E358AAB6300E}.Release|x86.ActiveCfg = Release|Win32
		{717B1CB4-2F53-48B3-9477-E358AAB6300E}.Release|x86.Build.0 = Release|Win32
		{47BAB170-35C3-43A5-910B-D139C67D965E}.Debug|x64.ActiveCfg = Debug|x64
		{47BAB170-35C3-43A5-910B-D139C67D965E}.Debug|x64.Build.0 = Debug|x64
		{47BAB170-35C3-43A5-910B-D139C67D965E}.Debug|x86.ActiveCfg = Debug|Win32
		{47BAB170-35C3-43A5-910B-D139C67D965E}.Debug|x86.Build.0 = Debug|Win32
		{47BAB170-35C3-43A5-910B-D139C67D965E}.Release|x64.ActiveCfg = Release|x64
		{47BAB170-35C3-43A5-910B-D139C67D965E}.Release|x64.Build.0 = Release|x64
		{47BAB170-35C3-43A5-910B-D139C67D965E}.Release|x86.ActiveCfg = Release|Win32
		{47BAB170-35C3-43A5-910B-D139C67D965E}.Release|x86.Build.0 = Release|Win32
		{FD534D02-B9C5-4F54-862B-CA0BC1FB046B}.Debug|x64.ActiveCfg = Debug|x64
		{FD534D02-B9C5-4F54-862B-CA0BC1FB046B}.Debug|x64.Build.0 = Debug|x64
		{FD534D02-B9C5-4F54-862B-CA0BC1FB046B}.Debug|x86.ActiveCfg = Debug|Win32
		{FD534D02-B9C5-4F54-862B-CA0BC1FB046B}.Debug|x86.Build.0 = Debug|Win32
		{FD534D02-B9C5-4F54-862B-CA0BC1FB046B}.Release|x64.ActiveCfg = Release|x64
		{FD534D02-B9C5-4F54-862B-CA0BC1FB046B}.Release|x64.Build.0 = Release|x64
		{FD534D02-B9C5-4F54-862B-CA0BC1FB046B}.Release|x86.ActiveCfg = Release|Win32
		{FD534D02-B9C5-4F54-862B-CA0BC1FB046B}.Release|x86.Build.0 = Release|Win32
	EndGlobalSection
	GlobalSection(SolutionProperties) = preSolution
		HideSolutionNode = FALSE
	EndGlobalSection
EndGlobal
